
Microsoft Visual Studio Solution File, Format Version 12.00
# Visual Studio Version 17
VisualStudioVersion = 17.14.36121.58
MinimumVisualStudioVersion = 10.0.40219.1
Project("{FAE04EC0-301F-11D3-BF4B-00C04F79EFBC}") = "SCADA.Configuration", "SCADA.Configuration\SCADA.Configuration.csproj", "{6C06D0B9-B53A-C9D3-0597-3A2071800AB1}"
EndProject
Project("{FAE04EC0-301F-11D3-BF4B-00C04F79EFBC}") = "SCADA.Configuration.TestProject", "SCADA.Configuration.TestProject\SCADA.Configuration.TestProject.csproj", "{5E61A9E0-67AD-A41B-3DCC-759B393A8405}"
EndProject
Project("{FAE04EC0-301F-11D3-BF4B-00C04F79EFBC}") = "SCADA.Configuration.WpfControls", "SCADA.Configuration.WpfControls\SCADA.Configuration.WpfControls.csproj", "{D3CC941C-5F26-2BBC-7AAD-3DF676DA9BD1}"
EndProject
Project("{FAE04EC0-301F-11D3-BF4B-00C04F79EFBC}") = "SCADA.Configuration.WpfControls.TestProject", "SCADA.Configuration.WpfControls.TestProject\SCADA.Configuration.WpfControls.TestProject.csproj", "{2D471D61-5BD7-493F-8868-50E0B4475A34}"
EndProject
Project("{FAE04EC0-301F-11D3-BF4B-00C04F79EFBC}") = "SCADA.Common", "SCADA.Common\SCADA.Common.csproj", "{243476DD-FE97-4DBA-9D01-CD9CC752CB80}"
EndProject
Project("{FAE04EC0-301F-11D3-BF4B-00C04F79EFBC}") = "SCADA.ObjectModel", "SCADA.ObjectModel\SCADA.ObjectModel.csproj", "{462D7B04-0C04-4CEB-BA22-6C605DA441A1}"
EndProject
Project("{FAE04EC0-301F-11D3-BF4B-00C04F79EFBC}") = "SCADA.PLCFramework", "SCADA.PLCFramework\SCADA.PLCFramework.csproj", "{7A180459-E064-4034-A2D9-8387D47834D3}"
EndProject
Project("{FAE04EC0-301F-11D3-BF4B-00C04F79EFBC}") = "SCADA.LivingFSM", "SCADA.LivingFSM\SCADA.LivingFSM.csproj", "{7C57F93B-2985-4836-926F-DFADB7814CE2}"
EndProject
Project("{FAE04EC0-301F-11D3-BF4B-00C04F79EFBC}") = "SCADA.HardwareUnits", "SCADA.HardwareUnits\SCADA.HardwareUnits.csproj", "{268D2EF2-9CF2-4ECE-8453-9894361721B2}"
EndProject
Project("{FAE04EC0-301F-11D3-BF4B-00C04F79EFBC}") = "SCADA.Common.TestProject", "SCADA.Common.TestProject\SCADA.Common.TestProject.csproj", "{43712BA2-B35E-4F1B-9D81-763868E8EB43}"
EndProject
Project("{FAE04EC0-301F-11D3-BF4B-00C04F79EFBC}") = "SCADA.UART", "SCADA.UART\SCADA.UART.csproj", "{B5B43B0D-F5AB-4EE5-8418-86FF932829C3}"
EndProject
Project("{FAE04EC0-301F-11D3-BF4B-00C04F79EFBC}") = "SCADA.Nuart.Modbus.TestApp", "Nuart.Modbus.TestApp\SCADA.Nuart.Modbus.TestApp.csproj", "{92D136B4-ED14-B561-AAFA-D5B6DDCE82AC}"
EndProject
Project("{FAE04EC0-301F-11D3-BF4B-00C04F79EFBC}") = "SCADA.PLCFramework.Test", "SCADA.PLCFramework.Test\SCADA.PLCFramework.Test.csproj", "{A18AFD86-87B3-4A9A-8E32-053C2EFA5A88}"
EndProject
Project("{FAE04EC0-301F-11D3-BF4B-00C04F79EFBC}") = "SCADA.DiskLogger", "SCADA.DiskLogger\SCADA.DiskLogger.csproj", "{A64B7DB0-95C2-47F4-8DC5-EAD108AB21D2}"
EndProject
Project("{FAE04EC0-301F-11D3-BF4B-00C04F79EFBC}") = "SCADA.PlcAdapters", "SCADA.PlcAdapters\SCADA.PlcAdapters.csproj", "{762F4C05-61DE-4478-BBA0-16374D90DD74}"
EndProject
Project("{FAE04EC0-301F-11D3-BF4B-00C04F79EFBC}") = "SCADA.DataContracts", "SCADA.DataContracts\SCADA.DataContracts.csproj", "{7A231126-A9DB-42C8-A003-6BEEF3585135}"
EndProject
Project("{FAE04EC0-301F-11D3-BF4B-00C04F79EFBC}") = "SCADA.ActionContracts", "SCADA.ActionContracts\SCADA.ActionContracts.csproj", "{BF787823-4011-444A-913A-D2E1CA3FCE52}"
EndProject
Project("{2150E333-8FDC-42A3-9474-1A3956D46DE8}") = "UI-RT-Shared", "UI-RT-Shared", "{02EA681E-C7D8-13C7-8484-4AC65E1B71E8}"
EndProject
Project("{FAE04EC0-301F-11D3-BF4B-00C04F79EFBC}") = "SCADA.DataAcquisition", "SCADA.DataAcquisition\SCADA.DataAcquisition.csproj", "{ED0A8A04-D60B-4C01-9468-E9BCDCD38ADB}"
EndProject
Project("{2150E333-8FDC-42A3-9474-1A3956D46DE8}") = "Solution Items", "Solution Items", "{8EC462FD-D22E-90A8-E5CE-7E832BA40C5D}"
	ProjectSection(SolutionItems) = preProject
		README.md = README.md
	EndProjectSection
EndProject
Global
	GlobalSection(SolutionConfigurationPlatforms) = preSolution
		Debug|Any CPU = Debug|Any CPU
		Release|Any CPU = Release|Any CPU
	EndGlobalSection
	GlobalSection(ProjectConfigurationPlatforms) = postSolution
		{6C06D0B9-B53A-C9D3-0597-3A2071800AB1}.Debug|Any CPU.ActiveCfg = Debug|Any CPU
		{6C06D0B9-B53A-C9D3-0597-3A2071800AB1}.Debug|Any CPU.Build.0 = Debug|Any CPU
		{6C06D0B9-B53A-C9D3-0597-3A2071800AB1}.Release|Any CPU.ActiveCfg = Release|Any CPU
		{6C06D0B9-B53A-C9D3-0597-3A2071800AB1}.Release|Any CPU.Build.0 = Release|Any CPU
		{5E61A9E0-67AD-A41B-3DCC-759B393A8405}.Debug|Any CPU.ActiveCfg = Debug|Any CPU
		{5E61A9E0-67AD-A41B-3DCC-759B393A8405}.Debug|Any CPU.Build.0 = Debug|Any CPU
		{5E61A9E0-67AD-A41B-3DCC-759B393A8405}.Release|Any CPU.ActiveCfg = Release|Any CPU
		{5E61A9E0-67AD-A41B-3DCC-759B393A8405}.Release|Any CPU.Build.0 = Release|Any CPU
		{D3CC941C-5F26-2BBC-7AAD-3DF676DA9BD1}.Debug|Any CPU.ActiveCfg = Debug|Any CPU
		{D3CC941C-5F26-2BBC-7AAD-3DF676DA9BD1}.Debug|Any CPU.Build.0 = Debug|Any CPU
		{D3CC941C-5F26-2BBC-7AAD-3DF676DA9BD1}.Release|Any CPU.ActiveCfg = Release|Any CPU
		{D3CC941C-5F26-2BBC-7AAD-3DF676DA9BD1}.Release|Any CPU.Build.0 = Release|Any CPU
		{2D471D61-5BD7-493F-8868-50E0B4475A34}.Debug|Any CPU.ActiveCfg = Debug|Any CPU
		{2D471D61-5BD7-493F-8868-50E0B4475A34}.Debug|Any CPU.Build.0 = Debug|Any CPU
		{2D471D61-5BD7-493F-8868-50E0B4475A34}.Release|Any CPU.ActiveCfg = Release|Any CPU
		{2D471D61-5BD7-493F-8868-50E0B4475A34}.Release|Any CPU.Build.0 = Release|Any CPU
		{243476DD-FE97-4DBA-9D01-CD9CC752CB80}.Debug|Any CPU.ActiveCfg = Debug|Any CPU
		{243476DD-FE97-4DBA-9D01-CD9CC752CB80}.Debug|Any CPU.Build.0 = Debug|Any CPU
		{243476DD-FE97-4DBA-9D01-CD9CC752CB80}.Release|Any CPU.ActiveCfg = Release|Any CPU
		{243476DD-FE97-4DBA-9D01-CD9CC752CB80}.Release|Any CPU.Build.0 = Release|Any CPU
		{462D7B04-0C04-4CEB-BA22-6C605DA441A1}.Debug|Any CPU.ActiveCfg = Debug|Any CPU
		{462D7B04-0C04-4CEB-BA22-6C605DA441A1}.Debug|Any CPU.Build.0 = Debug|Any CPU
		{462D7B04-0C04-4CEB-BA22-6C605DA441A1}.Release|Any CPU.ActiveCfg = Release|Any CPU
		{462D7B04-0C04-4CEB-BA22-6C605DA441A1}.Release|Any CPU.Build.0 = Release|Any CPU
		{7A180459-E064-4034-A2D9-8387D47834D3}.Debug|Any CPU.ActiveCfg = Debug|Any CPU
		{7A180459-E064-4034-A2D9-8387D47834D3}.Debug|Any CPU.Build.0 = Debug|Any CPU
		{7A180459-E064-4034-A2D9-8387D47834D3}.Release|Any CPU.ActiveCfg = Release|Any CPU
		{7A180459-E064-4034-A2D9-8387D47834D3}.Release|Any CPU.Build.0 = Release|Any CPU
		{7C57F93B-2985-4836-926F-DFADB7814CE2}.Debug|Any CPU.ActiveCfg = Debug|Any CPU
		{7C57F93B-2985-4836-926F-DFADB7814CE2}.Debug|Any CPU.Build.0 = Debug|Any CPU
		{7C57F93B-2985-4836-926F-DFADB7814CE2}.Release|Any CPU.ActiveCfg = Release|Any CPU
		{7C57F93B-2985-4836-926F-DFADB7814CE2}.Release|Any CPU.Build.0 = Release|Any CPU
		{268D2EF2-9CF2-4ECE-8453-9894361721B2}.Debug|Any CPU.ActiveCfg = Debug|Any CPU
		{268D2EF2-9CF2-4ECE-8453-9894361721B2}.Debug|Any CPU.Build.0 = Debug|Any CPU
		{268D2EF2-9CF2-4ECE-8453-9894361721B2}.Release|Any CPU.ActiveCfg = Release|Any CPU
		{268D2EF2-9CF2-4ECE-8453-9894361721B2}.Release|Any CPU.Build.0 = Release|Any CPU
		{43712BA2-B35E-4F1B-9D81-763868E8EB43}.Debug|Any CPU.ActiveCfg = Debug|Any CPU
		{43712BA2-B35E-4F1B-9D81-763868E8EB43}.Debug|Any CPU.Build.0 = Debug|Any CPU
		{43712BA2-B35E-4F1B-9D81-763868E8EB43}.Release|Any CPU.ActiveCfg = Release|Any CPU
		{43712BA2-B35E-4F1B-9D81-763868E8EB43}.Release|Any CPU.Build.0 = Release|Any CPU
		{B5B43B0D-F5AB-4EE5-8418-86FF932829C3}.Debug|Any CPU.ActiveCfg = Debug|Any CPU
		{B5B43B0D-F5AB-4EE5-8418-86FF932829C3}.Debug|Any CPU.Build.0 = Debug|Any CPU
		{B5B43B0D-F5AB-4EE5-8418-86FF932829C3}.Release|Any CPU.ActiveCfg = Release|Any CPU
		{B5B43B0D-F5AB-4EE5-8418-86FF932829C3}.Release|Any CPU.Build.0 = Release|Any CPU
		{92D136B4-ED14-B561-AAFA-D5B6DDCE82AC}.Debug|Any CPU.ActiveCfg = Debug|Any CPU
		{92D136B4-ED14-B561-AAFA-D5B6DDCE82AC}.Debug|Any CPU.Build.0 = Debug|Any CPU
		{92D136B4-ED14-B561-AAFA-D5B6DDCE82AC}.Release|Any CPU.ActiveCfg = Release|Any CPU
		{92D136B4-ED14-B561-AAFA-D5B6DDCE82AC}.Release|Any CPU.Build.0 = Release|Any CPU
		{A18AFD86-87B3-4A9A-8E32-053C2EFA5A88}.Debug|Any CPU.ActiveCfg = Debug|Any CPU
		{A18AFD86-87B3-4A9A-8E32-053C2EFA5A88}.Debug|Any CPU.Build.0 = Debug|Any CPU
		{A18AFD86-87B3-4A9A-8E32-053C2EFA5A88}.Release|Any CPU.ActiveCfg = Release|Any CPU
		{A18AFD86-87B3-4A9A-8E32-053C2EFA5A88}.Release|Any CPU.Build.0 = Release|Any CPU
		{A64B7DB0-95C2-47F4-8DC5-EAD108AB21D2}.Debug|Any CPU.ActiveCfg = Debug|Any CPU
		{A64B7DB0-95C2-47F4-8DC5-EAD108AB21D2}.Debug|Any CPU.Build.0 = Debug|Any CPU
		{A64B7DB0-95C2-47F4-8DC5-EAD108AB21D2}.Release|Any CPU.ActiveCfg = Release|Any CPU
		{A64B7DB0-95C2-47F4-8DC5-EAD108AB21D2}.Release|Any CPU.Build.0 = Release|Any CPU
		{762F4C05-61DE-4478-BBA0-16374D90DD74}.Debug|Any CPU.ActiveCfg = Debug|Any CPU
		{762F4C05-61DE-4478-BBA0-16374D90DD74}.Debug|Any CPU.Build.0 = Debug|Any CPU
		{762F4C05-61DE-4478-BBA0-16374D90DD74}.Release|Any CPU.ActiveCfg = Release|Any CPU
		{762F4C05-61DE-4478-BBA0-16374D90DD74}.Release|Any CPU.Build.0 = Release|Any CPU
		{7A231126-A9DB-42C8-A003-6BEEF3585135}.Debug|Any CPU.ActiveCfg = Debug|Any CPU
		{7A231126-A9DB-42C8-A003-6BEEF3585135}.Debug|Any CPU.Build.0 = Debug|Any CPU
		{7A231126-A9DB-42C8-A003-6BEEF3585135}.Release|Any CPU.ActiveCfg = Release|Any CPU
		{7A231126-A9DB-42C8-A003-6BEEF3585135}.Release|Any CPU.Build.0 = Release|Any CPU
		{BF787823-4011-444A-913A-D2E1CA3FCE52}.Debug|Any CPU.ActiveCfg = Debug|Any CPU
		{BF787823-4011-444A-913A-D2E1CA3FCE52}.Debug|Any CPU.Build.0 = Debug|Any CPU
		{BF787823-4011-444A-913A-D2E1CA3FCE52}.Release|Any CPU.ActiveCfg = Release|Any CPU
		{BF787823-4011-444A-913A-D2E1CA3FCE52}.Release|Any CPU.Build.0 = Release|Any CPU
		{ED0A8A04-D60B-4C01-9468-E9BCDCD38ADB}.Debug|Any CPU.ActiveCfg = Debug|Any CPU
		{ED0A8A04-D60B-4C01-9468-E9BCDCD38ADB}.Debug|Any CPU.Build.0 = Debug|Any CPU
		{ED0A8A04-D60B-4C01-9468-E9BCDCD38ADB}.Release|Any CPU.ActiveCfg = Release|Any CPU
		{ED0A8A04-D60B-4C01-9468-E9BCDCD38ADB}.Release|Any CPU.Build.0 = Release|Any CPU
	EndGlobalSection
	GlobalSection(SolutionProperties) = preSolution
		HideSolutionNode = FALSE
	EndGlobalSection
	GlobalSection(NestedProjects) = preSolution
		{7A231126-A9DB-42C8-A003-6BEEF3585135} = {02EA681E-C7D8-13C7-8484-4AC65E1B71E8}
		{BF787823-4011-444A-913A-D2E1CA3FCE52} = {02EA681E-C7D8-13C7-8484-4AC65E1B71E8}
	EndGlobalSection
	GlobalSection(ExtensibilityGlobals) = postSolution
		SolutionGuid = {799FB5EC-E80F-4485-A592-24BA78235A48}
	EndGlobalSection
EndGlobal
